
Microsoft Visual Studio Solution File, Format Version 12.00
# Visual Studio 15
VisualStudioVersion = 15.0.27130.2027
MinimumVisualStudioVersion = 10.0.40219.1
Project("{FAE04EC0-301F-11D3-BF4B-00C04F79EFBC}") = "FacebookRobot", "Source\FacebookRobot\FacebookRobot.csproj", "{5664825F-FE85-4F7D-82C5-CA7589830F97}"
EndProject
Project("{FAE04EC0-301F-11D3-BF4B-00C04F79EFBC}") = "PhoneParser", "Source\PhoneParser\PhoneParser.csproj", "{1D5D3A37-6FE5-4110-A382-1115418052A6}"
EndProject
Global
	GlobalSection(SolutionConfigurationPlatforms) = preSolution
		Debug|Any CPU = Debug|Any CPU
		Release|Any CPU = Release|Any CPU
	EndGlobalSection
	GlobalSection(ProjectConfigurationPlatforms) = postSolution
		{5664825F-FE85-4F7D-82C5-CA7589830F97}.Debug|Any CPU.ActiveCfg = Debug|Any CPU
		{5664825F-FE85-4F7D-82C5-CA7589830F97}.Debug|Any CPU.Build.0 = Debug|Any CPU
		{5664825F-FE85-4F7D-82C5-CA7589830F97}.Release|Any CPU.ActiveCfg = Release|Any CPU
		{5664825F-FE85-4F7D-82C5-CA7589830F97}.Release|Any CPU.Build.0 = Release|Any CPU
		{1D5D3A37-6FE5-4110-A382-1115418052A6}.Debug|Any CPU.ActiveCfg = Debug|Any CPU
		{1D5D3A37-6FE5-4110-A382-1115418052A6}.Debug|Any CPU.Build.0 = Debug|Any CPU
		{1D5D3A37-6FE5-4110-A382-1115418052A6}.Release|Any CPU.ActiveCfg = Release|Any CPU
		{1D5D3A37-6FE5-4110-A382-1115418052A6}.Release|Any CPU.Build.0 = Release|Any CPU
	EndGlobalSection
	GlobalSection(SolutionProperties) = preSolution
		HideSolutionNode = FALSE
	EndGlobalSection
	GlobalSection(ExtensibilityGlobals) = postSolution
		SolutionGuid = {9EFCF1A4-7709-40C1-9B96-A0E05D1C693B}
	EndGlobalSection
EndGlobal
